
Microsoft Visual Studio Solution File, Format Version 12.00
# Visual Studio 15
VisualStudioVersion = 15.0.26730.16
MinimumVisualStudioVersion = 10.0.40219.1
Project("{FAE04EC0-301F-11D3-BF4B-00C04F79EFBC}") = "myproject", "myproject\myproject.csproj", "{DC153EB1-C113-43AE-9A54-5E09EF6CC9DF}"
EndProject
Global
	GlobalSection(SolutionConfigurationPlatforms) = preSolution
		Debug|Any CPU = Debug|Any CPU
		Release|Any CPU = Release|Any CPU
	EndGlobalSection
	GlobalSection(ProjectConfigurationPlatforms) = postSolution
		{DC153EB1-C113-43AE-9A54-5E09EF6CC9DF}.Debug|Any CPU.ActiveCfg = Debug|Any CPU
		{DC153EB1-C113-43AE-9A54-5E09EF6CC9DF}.Debug|Any CPU.Build.0 = Debug|Any CPU
		{DC153EB1-C113-43AE-9A54-5E09EF6CC9DF}.Release|Any CPU.ActiveCfg = Release|Any CPU
		{DC153EB1-C113-43AE-9A54-5E09EF6CC9DF}.Release|Any CPU.Build.0 = Release|Any CPU
	EndGlobalSection
	GlobalSection(SolutionProperties) = preSolution
		HideSolutionNode = FALSE
	EndGlobalSection
	GlobalSection(ExtensibilityGlobals) = postSolution
		SolutionGuid = {88FA20D0-ECDF-4D4E-959A-DBD2573082EB}
	EndGlobalSection
EndGlobal
